// !$*UTF8*$!
{
	archiveVersion = 1;
	classes = {
	};
	objectVersion = 55;
	objects = {

/* Begin PBXBuildFile section */
		819DFA1527D53207001B7821 /* DragAndDropService.swift in Sources */ = {isa = PBXBuildFile; fileRef = 819DFA1427D53207001B7821 /* DragAndDropService.swift */; };
		81F3BB0F27D3ED21004204BB /* ListDragAndDropApp.swift in Sources */ = {isa = PBXBuildFile; fileRef = 81F3BB0E27D3ED21004204BB /* ListDragAndDropApp.swift */; };
		81F3BB1327D3ED22004204BB /* Assets.xcassets in Resources */ = {isa = PBXBuildFile; fileRef = 81F3BB1227D3ED22004204BB /* Assets.xcassets */; };
		81F3BB1627D3ED22004204BB /* Preview Assets.xcassets in Resources */ = {isa = PBXBuildFile; fileRef = 81F3BB1527D3ED22004204BB /* Preview Assets.xcassets */; };
		81F3BB1D27D3EECD004204BB /* FruitsListScreen.swift in Sources */ = {isa = PBXBuildFile; fileRef = 81F3BB1C27D3EECD004204BB /* FruitsListScreen.swift */; };
		81F3BB1F27D3EF2B004204BB /* Fruit.swift in Sources */ = {isa = PBXBuildFile; fileRef = 81F3BB1E27D3EF2B004204BB /* Fruit.swift */; };
		81F3BB2127D3F013004204BB /* FruitsListViewModel.swift in Sources */ = {isa = PBXBuildFile; fileRef = 81F3BB2027D3F013004204BB /* FruitsListViewModel.swift */; };
		81F3BB2527D3F0B3004204BB /* FruitCellView.swift in Sources */ = {isa = PBXBuildFile; fileRef = 81F3BB2427D3F0B3004204BB /* FruitCellView.swift */; };
/* End PBXBuildFile section */

/* Begin PBXFileReference section */
		819DFA1427D53207001B7821 /* DragAndDropService.swift */ = {isa = PBXFileReference; lastKnownFileType = sourcecode.swift; path = DragAndDropService.swift; sourceTree = "<group>"; };
		81F3BB0B27D3ED21004204BB /* ListDragAndDrop.app */ = {isa = PBXFileReference; explicitFileType = wrapper.application; includeInIndex = 0; path = ListDragAndDrop.app; sourceTree = BUILT_PRODUCTS_DIR; };
		81F3BB0E27D3ED21004204BB /* ListDragAndDropApp.swift */ = {isa = PBXFileReference; lastKnownFileType = sourcecode.swift; path = ListDragAndDropApp.swift; sourceTree = "<group>"; };
		81F3BB1227D3ED22004204BB /* Assets.xcassets */ = {isa = PBXFileReference; lastKnownFileType = folder.assetcatalog; path = Assets.xcassets; sourceTree = "<group>"; };
		81F3BB1527D3ED22004204BB /* Preview Assets.xcassets */ = {isa = PBXFileReference; lastKnownFileType = folder.assetcatalog; path = "Preview Assets.xcassets"; sourceTree = "<group>"; };
		81F3BB1C27D3EECD004204BB /* FruitsListScreen.swift */ = {isa = PBXFileReference; lastKnownFileType = sourcecode.swift; path = FruitsListScreen.swift; sourceTree = "<group>"; };
		81F3BB1E27D3EF2B004204BB /* Fruit.swift */ = {isa = PBXFileReference; lastKnownFileType = sourcecode.swift; path = Fruit.swift; sourceTree = "<group>"; };
		81F3BB2027D3F013004204BB /* FruitsListViewModel.swift */ = {isa = PBXFileReference; lastKnownFileType = sourcecode.swift; path = FruitsListViewModel.swift; sourceTree = "<group>"; };
		81F3BB2427D3F0B3004204BB /* FruitCellView.swift */ = {isa = PBXFileReference; lastKnownFileType = sourcecode.swift; path = FruitCellView.swift; sourceTree = "<group>"; };
/* End PBXFileReference section */

/* Begin PBXFrameworksBuildPhase section */
		81F3BB0827D3ED21004204BB /* Frameworks */ = {
			isa = PBXFrameworksBuildPhase;
			buildActionMask = 2147483647;
			files = (
			);
			runOnlyForDeploymentPostprocessing = 0;
		};
/* End PBXFrameworksBuildPhase section */

/* Begin PBXGroup section */
		81F3BB0227D3ED21004204BB = {
			isa = PBXGroup;
			children = (
				81F3BB0D27D3ED21004204BB /* ListDragAndDrop */,
				81F3BB0C27D3ED21004204BB /* Products */,
			);
			sourceTree = "<group>";
		};
		81F3BB0C27D3ED21004204BB /* Products */ = {
			isa = PBXGroup;
			children = (
				81F3BB0B27D3ED21004204BB /* ListDragAndDrop.app */,
			);
			name = Products;
			sourceTree = "<group>";
		};
		81F3BB0D27D3ED21004204BB /* ListDragAndDrop */ = {
			isa = PBXGroup;
			children = (
				81F3BB0E27D3ED21004204BB /* ListDragAndDropApp.swift */,
				81F3BB1C27D3EECD004204BB /* FruitsListScreen.swift */,
				81F3BB2427D3F0B3004204BB /* FruitCellView.swift */,
				81F3BB2027D3F013004204BB /* FruitsListViewModel.swift */,
				81F3BB1E27D3EF2B004204BB /* Fruit.swift */,
				819DFA1427D53207001B7821 /* DragAndDropService.swift */,
				81F3BB1227D3ED22004204BB /* Assets.xcassets */,
				81F3BB1427D3ED22004204BB /* Preview Content */,
			);
			path = ListDragAndDrop;
			sourceTree = "<group>";
		};
		81F3BB1427D3ED22004204BB /* Preview Content */ = {
			isa = PBXGroup;
			children = (
				81F3BB1527D3ED22004204BB /* Preview Assets.xcassets */,
			);
			path = "Preview Content";
			sourceTree = "<group>";
		};
/* End PBXGroup section */

/* Begin PBXNativeTarget section */
		81F3BB0A27D3ED21004204BB /* ListDragAndDrop */ = {
			isa = PBXNativeTarget;
			buildConfigurationList = 81F3BB1927D3ED22004204BB /* Build configuration list for PBXNativeTarget "ListDragAndDrop" */;
			buildPhases = (
				81F3BB0727D3ED21004204BB /* Sources */,
				81F3BB0827D3ED21004204BB /* Frameworks */,
				81F3BB0927D3ED21004204BB /* Resources */,
			);
			buildRules = (
			);
			dependencies = (
			);
			name = ListDragAndDrop;
			productName = ListDragAndDrop;
			productReference = 81F3BB0B27D3ED21004204BB /* ListDragAndDrop.app */;
			productType = "com.apple.product-type.application";
		};
/* End PBXNativeTarget section */

/* Begin PBXProject section */
		81F3BB0327D3ED21004204BB /* Project object */ = {
			isa = PBXProject;
			attributes = {
				BuildIndependentTargetsInParallel = 1;
				LastSwiftUpdateCheck = 1320;
				LastUpgradeCheck = 1320;
				TargetAttributes = {
					81F3BB0A27D3ED21004204BB = {
						CreatedOnToolsVersion = 13.2.1;
					};
				};
			};
			buildConfigurationList = 81F3BB0627D3ED21004204BB /* Build configuration list for PBXProject "ListDragAndDrop" */;
			compatibilityVersion = "Xcode 13.0";
			developmentRegion = en;
			hasScannedForEncodings = 0;
			knownRegions = (
				en,
				Base,
			);
			mainGroup = 81F3BB0227D3ED21004204BB;
			productRefGroup = 81F3BB0C27D3ED21004204BB /* Products */;
			projectDirPath = "";
			projectRoot = "";
			targets = (
				81F3BB0A27D3ED21004204BB /* ListDragAndDrop */,
			);
		};
/* End PBXProject section */

/* Begin PBXResourcesBuildPhase section */
		81F3BB0927D3ED21004204BB /* Resources */ = {
			isa = PBXResourcesBuildPhase;
			buildActionMask = 2147483647;
			files = (
				81F3BB1627D3ED22004204BB /* Preview Assets.xcassets in Resources */,
				81F3BB1327D3ED22004204BB /* Assets.xcassets in Resources */,
			);
			runOnlyForDeploymentPostprocessing = 0;
		};
/* End PBXResourcesBuildPhase section */

/* Begin PBXSourcesBuildPhase section */
		81F3BB0727D3ED21004204BB /* Sources */ = {
			isa = PBXSourcesBuildPhase;
			buildActionMask = 2147483647;
			files = (
				81F3BB2527D3F0B3004204BB /* FruitCellView.swift in Sources */,
				81F3BB1F27D3EF2B004204BB /* Fruit.swift in Sources */,
				819DFA1527D53207001B7821 /* DragAndDropService.swift in Sources */,
				81F3BB2127D3F013004204BB /* FruitsListViewModel.swift in Sources */,
				81F3BB1D27D3EECD004204BB /* FruitsListScreen.swift in Sources */,
				81F3BB0F27D3ED21004204BB /* ListDragAndDropApp.swift in Sources */,
			);
			runOnlyForDeploymentPostprocessing = 0;
		};
/* End PBXSourcesBuildPhase section */

/* Begin XCBuildConfiguration section */
		81F3BB1727D3ED22004204BB /* Debug */ = {
			isa = XCBuildConfiguration;
			buildSettings = {
				ALWAYS_SEARCH_USER_PATHS = NO;
				CLANG_ANALYZER_NONNULL = YES;
				CLANG_ANALYZER_NUMBER_OBJECT_CONVERSION = YES_AGGRESSIVE;
				CLANG_CXX_LANGUAGE_STANDARD = "gnu++17";
				CLANG_CXX_LIBRARY = "libc++";
				CLANG_ENABLE_MODULES = YES;
				CLANG_ENABLE_OBJC_ARC = YES;
				CLANG_ENABLE_OBJC_WEAK = YES;
				CLANG_WARN_BLOCK_CAPTURE_AUTORELEASING = YES;
				CLANG_WARN_BOOL_CONVERSION = YES;
				CLANG_WARN_COMMA = YES;
				CLANG_WARN_CONSTANT_CONVERSION = YES;
				CLANG_WARN_DEPRECATED_OBJC_IMPLEMENTATIONS = YES;
				CLANG_WARN_DIRECT_OBJC_ISA_USAGE = YES_ERROR;
				CLANG_WARN_DOCUMENTATION_COMMENTS = YES;
				CLANG_WARN_EMPTY_BODY = YES;
				CLANG_WARN_ENUM_CONVERSION = YES;
				CLANG_WARN_INFINITE_RECURSION = YES;
				CLANG_WARN_INT_CONVERSION = YES;
				CLANG_WARN_NON_LITERAL_NULL_CONVERSION = YES;
				CLANG_WARN_OBJC_IMPLICIT_RETAIN_SELF = YES;
				CLANG_WARN_OBJC_LITERAL_CONVERSION = YES;
				CLANG_WARN_OBJC_ROOT_CLASS = YES_ERROR;
				CLANG_WARN_QUOTED_INCLUDE_IN_FRAMEWORK_HEADER = YES;
				CLANG_WARN_RANGE_LOOP_ANALYSIS = YES;
				CLANG_WARN_STRICT_PROTOTYPES = YES;
				CLANG_WARN_SUSPICIOUS_MOVE = YES;
				CLANG_WARN_UNGUARDED_AVAILABILITY = YES_AGGRESSIVE;
				CLANG_WARN_UNREACHABLE_CODE = YES;
				CLANG_WARN__DUPLICATE_METHOD_MATCH = YES;
				COPY_PHASE_STRIP = NO;
				DEBUG_INFORMATION_FORMAT = dwarf;
				ENABLE_STRICT_OBJC_MSGSEND = YES;
				ENABLE_TESTABILITY = YES;
				GCC_C_LANGUAGE_STANDARD = gnu11;
				GCC_DYNAMIC_NO_PIC = NO;
				GCC_NO_COMMON_BLOCKS = YES;
				GCC_OPTIMIZATION_LEVEL = 0;
				GCC_PREPROCESSOR_DEFINITIONS = (
					"DEBUG=1",
					"$(inherited)",
				);
				GCC_WARN_64_TO_32_BIT_CONVERSION = YES;
				GCC_WARN_ABOUT_RETURN_TYPE = YES_ERROR;
				GCC_WARN_UNDECLARED_SELECTOR = YES;
				GCC_WARN_UNINITIALIZED_AUTOS = YES_AGGRESSIVE;
				GCC_WARN_UNUSED_FUNCTION = YES;
				GCC_WARN_UNUSED_VARIABLE = YES;
				IPHONEOS_DEPLOYMENT_TARGET = 14.0;
				MTL_ENABLE_DEBUG_INFO = INCLUDE_SOURCE;
				MTL_FAST_MATH = YES;
				ONLY_ACTIVE_ARCH = YES;
				SDKROOT = iphoneos;
				SWIFT_ACTIVE_COMPILATION_CONDITIONS = DEBUG;
				SWIFT_OPTIMIZATION_LEVEL = "-Onone";
			};
			name = Debug;
		};
		81F3BB1827D3ED22004204BB /* Release */ = {
			isa = XCBuildConfiguration;
			buildSettings = {
				ALWAYS_SEARCH_USER_PATHS = NO;
				CLANG_ANALYZER_NONNULL = YES;
				CLANG_ANALYZER_NUMBER_OBJECT_CONVERSION = YES_AGGRESSIVE;
				CLANG_CXX_LANGUAGE_STANDARD = "gnu++17";
				CLANG_CXX_LIBRARY = "libc++";
				CLANG_ENABLE_MODULES = YES;
				CLANG_ENABLE_OBJC_ARC = YES;
				CLANG_ENABLE_OBJC_WEAK = YES;
				CLANG_WARN_BLOCK_CAPTURE_AUTORELEASING = YES;
				CLANG_WARN_BOOL_CONVERSION = YES;
				CLANG_WARN_COMMA = YES;
				CLANG_WARN_CONSTANT_CONVERSION = YES;
				CLANG_WARN_DEPRECATED_OBJC_IMPLEMENTATIONS = YES;
				CLANG_WARN_DIRECT_OBJC_ISA_USAGE = YES_ERROR;
				CLANG_WARN_DOCUMENTATION_COMMENTS = YES;
				CLANG_WARN_EMPTY_BODY = YES;
				CLANG_WARN_ENUM_CONVERSION = YES;
				CLANG_WARN_INFINITE_RECURSION = YES;
				CLANG_WARN_INT_CONVERSION = YES;
				CLANG_WARN_NON_LITERAL_NULL_CONVERSION = YES;
				CLANG_WARN_OBJC_IMPLICIT_RETAIN_SELF = YES;
				CLANG_WARN_OBJC_LITERAL_CONVERSION = YES;
				CLANG_WARN_OBJC_ROOT_CLASS = YES_ERROR;
				CLANG_WARN_QUOTED_INCLUDE_IN_FRAMEWORK_HEADER = YES;
				CLANG_WARN_RANGE_LOOP_ANALYSIS = YES;
				CLANG_WARN_STRICT_PROTOTYPES = YES;
				CLANG_WARN_SUSPICIOUS_MOVE = YES;
				CLANG_WARN_UNGUARDED_AVAILABILITY = YES_AGGRESSIVE;
				CLANG_WARN_UNREACHABLE_CODE = YES;
				CLANG_WARN__DUPLICATE_METHOD_MATCH = YES;
				COPY_PHASE_STRIP = NO;
				DEBUG_INFORMATION_FORMAT = "dwarf-with-dsym";
				ENABLE_NS_ASSERTIONS = NO;
				ENABLE_STRICT_OBJC_MSGSEND = YES;
				GCC_C_LANGUAGE_STANDARD = gnu11;
				GCC_NO_COMMON_BLOCKS = YES;
				GCC_WARN_64_TO_32_BIT_CONVERSION = YES;
				GCC_WARN_ABOUT_RETURN_TYPE = YES_ERROR;
				GCC_WARN_UNDECLARED_SELECTOR = YES;
				GCC_WARN_UNINITIALIZED_AUTOS = YES_AGGRESSIVE;
				GCC_WARN_UNUSED_FUNCTION = YES;
				GCC_WARN_UNUSED_VARIABLE = YES;
				IPHONEOS_DEPLOYMENT_TARGET = 14.0;
				MTL_ENABLE_DEBUG_INFO = NO;
				MTL_FAST_MATH = YES;
				SDKROOT = iphoneos;
				SWIFT_COMPILATION_MODE = wholemodule;
				SWIFT_OPTIMIZATION_LEVEL = "-O";
				VALIDATE_PRODUCT = YES;
			};
			name = Release;
		};
		81F3BB1A27D3ED22004204BB /* Debug */ = {
			isa = XCBuildConfiguration;
			buildSettings = {
				ASSETCATALOG_COMPILER_APPICON_NAME = AppIcon;
				ASSETCATALOG_COMPILER_GLOBAL_ACCENT_COLOR_NAME = AccentColor;
				CODE_SIGN_STYLE = Automatic;
				CURRENT_PROJECT_VERSION = 1;
				DEVELOPMENT_ASSET_PATHS = "\"ListDragAndDrop/Preview Content\"";
				ENABLE_PREVIEWS = YES;
				GENERATE_INFOPLIST_FILE = YES;
				INFOPLIST_KEY_UIApplicationSceneManifest_Generation = YES;
				INFOPLIST_KEY_UIApplicationSupportsIndirectInputEvents = YES;
				INFOPLIST_KEY_UILaunchScreen_Generation = YES;
				INFOPLIST_KEY_UISupportedInterfaceOrientations_iPad = "UIInterfaceOrientationPortrait UIInterfaceOrientationPortraitUpsideDown UIInterfaceOrientationLandscapeLeft UIInterfaceOrientationLandscapeRight";
				INFOPLIST_KEY_UISupportedInterfaceOrientations_iPhone = "UIInterfaceOrientationPortrait UIInterfaceOrientationLandscapeLeft UIInterfaceOrientationLandscapeRight";
				IPHONEOS_DEPLOYMENT_TARGET = 14.0;
				LD_RUNPATH_SEARCH_PATHS = (
					"$(inherited)",
					"@executable_path/Frameworks",
				);
				MARKETING_VERSION = 1.0;
				PRODUCT_BUNDLE_IDENTIFIER = com.ListDragAndDrop;
				PRODUCT_NAME = "$(TARGET_NAME)";
				SWIFT_EMIT_LOC_STRINGS = YES;
				SWIFT_VERSION = 5.0;
				TARGETED_DEVICE_FAMILY = "1,2";
			};
			name = Debug;
		};
		81F3BB1B27D3ED22004204BB /* Release */ = {
			isa = XCBuildConfiguration;
			buildSettings = {
				ASSETCATALOG_COMPILER_APPICON_NAME = AppIcon;
				ASSETCATALOG_COMPILER_GLOBAL_ACCENT_COLOR_NAME = AccentColor;
				CODE_SIGN_STYLE = Automatic;
				CURRENT_PROJECT_VERSION = 1;
				DEVELOPMENT_ASSET_PATHS = "\"ListDragAndDrop/Preview Content\"";
				ENABLE_PREVIEWS = YES;
				GENERATE_INFOPLIST_FILE = YES;
				INFOPLIST_KEY_UIApplicationSceneManifest_Generation = YES;
				INFOPLIST_KEY_UIApplicationSupportsIndirectInputEvents = YES;
				INFOPLIST_KEY_UILaunchScreen_Generation = YES;
				INFOPLIST_KEY_UISupportedInterfaceOrientations_iPad = "UIInterfaceOrientationPortrait UIInterfaceOrientationPortraitUpsideDown UIInterfaceOrientationLandscapeLeft UIInterfaceOrientationLandscapeRight";
				INFOPLIST_KEY_UISupportedInterfaceOrientations_iPhone = "UIInterfaceOrientationPortrait UIInterfaceOrientationLandscapeLeft UIInterfaceOrientationLandscapeRight";
				IPHONEOS_DEPLOYMENT_TARGET = 14.0;
				LD_RUNPATH_SEARCH_PATHS = (
					"$(inherited)",
					"@executable_path/Frameworks",
				);
				MARKETING_VERSION = 1.0;
				PRODUCT_BUNDLE_IDENTIFIER = com.ListDragAndDrop;
				PRODUCT_NAME = "$(TARGET_NAME)";
				SWIFT_EMIT_LOC_STRINGS = YES;
				SWIFT_VERSION = 5.0;
				TARGETED_DEVICE_FAMILY = "1,2";
			};
			name = Release;
		};
/* End XCBuildConfiguration section */

/* Begin XCConfigurationList section */
		81F3BB0627D3ED21004204BB /* Build configuration list for PBXProject "ListDragAndDrop" */ = {
			isa = XCConfigurationList;
			buildConfigurations = (
				81F3BB1727D3ED22004204BB /* Debug */,
				81F3BB1827D3ED22004204BB /* Release */,
			);
			defaultConfigurationIsVisible = 0;
			defaultConfigurationName = Release;
		};
		81F3BB1927D3ED22004204BB /* Build configuration list for PBXNativeTarget "ListDragAndDrop" */ = {
			isa = XCConfigurationList;
			buildConfigurations = (
				81F3BB1A27D3ED22004204BB /* Debug */,
				81F3BB1B27D3ED22004204BB /* Release */,
			);
			defaultConfigurationIsVisible = 0;
			defaultConfigurationName = Release;
		};
/* End XCConfigurationList section */
	};
	rootObject = 81F3BB0327D3ED21004204BB /* Project object */;
}
